
Microsoft Visual Studio Solution File, Format Version 12.00
# Visual Studio Version 17
VisualStudioVersion = 17.9.34310.174
MinimumVisualStudioVersion = 10.0.40219.1
Project("{FAE04EC0-301F-11D3-BF4B-00C04F79EFBC}") = "WpfApp1", "WpfApp1\WpfApp1.csproj", "{E10EB913-B2F0-4F6B-8C86-73A1BC09C2A1}"
EndProject
Global
	GlobalSection(SolutionConfigurationPlatforms) = preSolution
		Debug|Any CPU = Debug|Any CPU
		Release|Any CPU = Release|Any CPU
	EndGlobalSection
	GlobalSection(ProjectConfigurationPlatforms) = postSolution
		{E10EB913-B2F0-4F6B-8C86-73A1BC09C2A1}.Debug|Any CPU.ActiveCfg = Debug|Any CPU
		{E10EB913-B2F0-4F6B-8C86-73A1BC09C2A1}.Debug|Any CPU.Build.0 = Debug|Any CPU
		{E10EB913-B2F0-4F6B-8C86-73A1BC09C2A1}.Release|Any CPU.ActiveCfg = Release|Any CPU
		{E10EB913-B2F0-4F6B-8C86-73A1BC09C2A1}.Release|Any CPU.Build.0 = Release|Any CPU
	EndGlobalSection
	GlobalSection(SolutionProperties) = preSolution
		HideSolutionNode = FALSE
	EndGlobalSection
	GlobalSection(ExtensibilityGlobals) = postSolution
		SolutionGuid = {446250A9-F4F7-4B5F-A1D8-231F847D675C}
	EndGlobalSection
EndGlobal
