
Microsoft Visual Studio Solution File, Format Version 12.00
# Visual Studio Version 17
VisualStudioVersion = 17.8.34227.203
MinimumVisualStudioVersion = 10.0.40219.1
Project("{FAE04EC0-301F-11D3-BF4B-00C04F79EFBC}") = "segundointentoexamen", "segundointentoexamen\segundointentoexamen.csproj", "{2D80F628-02C3-41D0-B2FC-15FFA723940D}"
EndProject
Project("{FAE04EC0-301F-11D3-BF4B-00C04F79EFBC}") = "labelOmega", "labelOmega\labelOmega.csproj", "{90263E20-DB12-4F15-9994-69CEC9E6D900}"
EndProject
Global
	GlobalSection(SolutionConfigurationPlatforms) = preSolution
		Debug|Any CPU = Debug|Any CPU
		Release|Any CPU = Release|Any CPU
	EndGlobalSection
	GlobalSection(ProjectConfigurationPlatforms) = postSolution
		{2D80F628-02C3-41D0-B2FC-15FFA723940D}.Debug|Any CPU.ActiveCfg = Debug|Any CPU
		{2D80F628-02C3-41D0-B2FC-15FFA723940D}.Debug|Any CPU.Build.0 = Debug|Any CPU
		{2D80F628-02C3-41D0-B2FC-15FFA723940D}.Release|Any CPU.ActiveCfg = Release|Any CPU
		{2D80F628-02C3-41D0-B2FC-15FFA723940D}.Release|Any CPU.Build.0 = Release|Any CPU
		{90263E20-DB12-4F15-9994-69CEC9E6D900}.Debug|Any CPU.ActiveCfg = Debug|Any CPU
		{90263E20-DB12-4F15-9994-69CEC9E6D900}.Debug|Any CPU.Build.0 = Debug|Any CPU
		{90263E20-DB12-4F15-9994-69CEC9E6D900}.Release|Any CPU.ActiveCfg = Release|Any CPU
		{90263E20-DB12-4F15-9994-69CEC9E6D900}.Release|Any CPU.Build.0 = Release|Any CPU
	EndGlobalSection
	GlobalSection(SolutionProperties) = preSolution
		HideSolutionNode = FALSE
	EndGlobalSection
	GlobalSection(ExtensibilityGlobals) = postSolution
		SolutionGuid = {A26A7A54-29E5-4B23-8F02-11802ABE8D8F}
	EndGlobalSection
EndGlobal
