
Microsoft Visual Studio Solution File, Format Version 12.00
# Visual Studio Version 17
VisualStudioVersion = 17.9.34310.174
MinimumVisualStudioVersion = 10.0.40219.1
Project("{FAE04EC0-301F-11D3-BF4B-00C04F79EFBC}") = "elbindeooneway", "elbindeo\elbindeooneway.csproj", "{BB7CB8E2-DB74-4EB5-AFD3-32B4CF262A51}"
EndProject
Project("{FAE04EC0-301F-11D3-BF4B-00C04F79EFBC}") = "elbindeotwoways", "elbindeotwoways\elbindeotwoways.csproj", "{AFDC5575-9B14-48A6-96E0-03AD07754851}"
EndProject
Global
	GlobalSection(SolutionConfigurationPlatforms) = preSolution
		Debug|Any CPU = Debug|Any CPU
		Release|Any CPU = Release|Any CPU
	EndGlobalSection
	GlobalSection(ProjectConfigurationPlatforms) = postSolution
		{BB7CB8E2-DB74-4EB5-AFD3-32B4CF262A51}.Debug|Any CPU.ActiveCfg = Debug|Any CPU
		{BB7CB8E2-DB74-4EB5-AFD3-32B4CF262A51}.Debug|Any CPU.Build.0 = Debug|Any CPU
		{BB7CB8E2-DB74-4EB5-AFD3-32B4CF262A51}.Release|Any CPU.ActiveCfg = Release|Any CPU
		{BB7CB8E2-DB74-4EB5-AFD3-32B4CF262A51}.Release|Any CPU.Build.0 = Release|Any CPU
		{AFDC5575-9B14-48A6-96E0-03AD07754851}.Debug|Any CPU.ActiveCfg = Debug|Any CPU
		{AFDC5575-9B14-48A6-96E0-03AD07754851}.Debug|Any CPU.Build.0 = Debug|Any CPU
		{AFDC5575-9B14-48A6-96E0-03AD07754851}.Release|Any CPU.ActiveCfg = Release|Any CPU
		{AFDC5575-9B14-48A6-96E0-03AD07754851}.Release|Any CPU.Build.0 = Release|Any CPU
	EndGlobalSection
	GlobalSection(SolutionProperties) = preSolution
		HideSolutionNode = FALSE
	EndGlobalSection
	GlobalSection(ExtensibilityGlobals) = postSolution
		SolutionGuid = {8CF1F1D0-B7D0-474B-86C0-89D556D821D5}
	EndGlobalSection
EndGlobal
