
Microsoft Visual Studio Solution File, Format Version 12.00
# Visual Studio Version 17
VisualStudioVersion = 17.8.34227.203
MinimumVisualStudioVersion = 10.0.40219.1
Project("{FAE04EC0-301F-11D3-BF4B-00C04F79EFBC}") = "nuevoProyectoEjemplos", "nuevoProyectoEjemplos\nuevoProyectoEjemplos.csproj", "{BF910999-2437-4448-86DA-5B489EF3ACBD}"
EndProject
Global
	GlobalSection(SolutionConfigurationPlatforms) = preSolution
		Debug|Any CPU = Debug|Any CPU
		Release|Any CPU = Release|Any CPU
	EndGlobalSection
	GlobalSection(ProjectConfigurationPlatforms) = postSolution
		{BF910999-2437-4448-86DA-5B489EF3ACBD}.Debug|Any CPU.ActiveCfg = Debug|Any CPU
		{BF910999-2437-4448-86DA-5B489EF3ACBD}.Debug|Any CPU.Build.0 = Debug|Any CPU
		{BF910999-2437-4448-86DA-5B489EF3ACBD}.Release|Any CPU.ActiveCfg = Release|Any CPU
		{BF910999-2437-4448-86DA-5B489EF3ACBD}.Release|Any CPU.Build.0 = Release|Any CPU
	EndGlobalSection
	GlobalSection(SolutionProperties) = preSolution
		HideSolutionNode = FALSE
	EndGlobalSection
	GlobalSection(ExtensibilityGlobals) = postSolution
		SolutionGuid = {6411AE04-6CE0-4595-BACD-D37654802E9A}
	EndGlobalSection
EndGlobal
