
Microsoft Visual Studio Solution File, Format Version 12.00
# Visual Studio Version 17
VisualStudioVersion = 17.9.34310.174
MinimumVisualStudioVersion = 10.0.40219.1
Project("{FAE04EC0-301F-11D3-BF4B-00C04F79EFBC}") = "INotifyPropertyChange", "INotifyPropertyChange\INotifyPropertyChange.csproj", "{C818768C-C424-40A7-9EF7-D2486A3D2C70}"
EndProject
Global
	GlobalSection(SolutionConfigurationPlatforms) = preSolution
		Debug|Any CPU = Debug|Any CPU
		Release|Any CPU = Release|Any CPU
	EndGlobalSection
	GlobalSection(ProjectConfigurationPlatforms) = postSolution
		{C818768C-C424-40A7-9EF7-D2486A3D2C70}.Debug|Any CPU.ActiveCfg = Debug|Any CPU
		{C818768C-C424-40A7-9EF7-D2486A3D2C70}.Debug|Any CPU.Build.0 = Debug|Any CPU
		{C818768C-C424-40A7-9EF7-D2486A3D2C70}.Release|Any CPU.ActiveCfg = Release|Any CPU
		{C818768C-C424-40A7-9EF7-D2486A3D2C70}.Release|Any CPU.Build.0 = Release|Any CPU
	EndGlobalSection
	GlobalSection(SolutionProperties) = preSolution
		HideSolutionNode = FALSE
	EndGlobalSection
	GlobalSection(ExtensibilityGlobals) = postSolution
		SolutionGuid = {E10084A0-1AA2-4CD1-B7AD-F3DFA31D52F0}
	EndGlobalSection
EndGlobal
