
Microsoft Visual Studio Solution File, Format Version 12.00
# Visual Studio Version 17
VisualStudioVersion = 17.8.34227.203
MinimumVisualStudioVersion = 10.0.40219.1
Project("{FAE04EC0-301F-11D3-BF4B-00C04F79EFBC}") = "JoseManuelMoreno", "JoseManuelMoreno\JoseManuelMoreno.csproj", "{5F77B165-9C16-4076-822B-61DFFAE6CE0E}"
EndProject
Global
	GlobalSection(SolutionConfigurationPlatforms) = preSolution
		Debug|Any CPU = Debug|Any CPU
		Release|Any CPU = Release|Any CPU
	EndGlobalSection
	GlobalSection(ProjectConfigurationPlatforms) = postSolution
		{5F77B165-9C16-4076-822B-61DFFAE6CE0E}.Debug|Any CPU.ActiveCfg = Debug|Any CPU
		{5F77B165-9C16-4076-822B-61DFFAE6CE0E}.Debug|Any CPU.Build.0 = Debug|Any CPU
		{5F77B165-9C16-4076-822B-61DFFAE6CE0E}.Release|Any CPU.ActiveCfg = Release|Any CPU
		{5F77B165-9C16-4076-822B-61DFFAE6CE0E}.Release|Any CPU.Build.0 = Release|Any CPU
	EndGlobalSection
	GlobalSection(SolutionProperties) = preSolution
		HideSolutionNode = FALSE
	EndGlobalSection
	GlobalSection(ExtensibilityGlobals) = postSolution
		SolutionGuid = {BAA39D9A-A8F5-4EB2-BFE0-9BE41D2865F2}
	EndGlobalSection
EndGlobal
