
Microsoft Visual Studio Solution File, Format Version 12.00
# Visual Studio Version 17
VisualStudioVersion = 17.9.34310.174
MinimumVisualStudioVersion = 10.0.40219.1
Project("{FAE04EC0-301F-11D3-BF4B-00C04F79EFBC}") = "JoseManuelMorenoBolivar_segunda_eva", "JoseManuelMorenoBolivar_segunda_eva\JoseManuelMorenoBolivar_segunda_eva.csproj", "{B8F9F6F9-242E-4C2A-81DD-45B341BE5D6C}"
EndProject
Project("{FAE04EC0-301F-11D3-BF4B-00C04F79EFBC}") = "MultiDataTriggerRegister", "MultiDataTriggerRegister\MultiDataTriggerRegister.csproj", "{50716269-1568-48B0-B49A-348300B64206}"
EndProject
Global
	GlobalSection(SolutionConfigurationPlatforms) = preSolution
		Debug|Any CPU = Debug|Any CPU
		Release|Any CPU = Release|Any CPU
	EndGlobalSection
	GlobalSection(ProjectConfigurationPlatforms) = postSolution
		{B8F9F6F9-242E-4C2A-81DD-45B341BE5D6C}.Debug|Any CPU.ActiveCfg = Debug|Any CPU
		{B8F9F6F9-242E-4C2A-81DD-45B341BE5D6C}.Debug|Any CPU.Build.0 = Debug|Any CPU
		{B8F9F6F9-242E-4C2A-81DD-45B341BE5D6C}.Release|Any CPU.ActiveCfg = Release|Any CPU
		{B8F9F6F9-242E-4C2A-81DD-45B341BE5D6C}.Release|Any CPU.Build.0 = Release|Any CPU
		{50716269-1568-48B0-B49A-348300B64206}.Debug|Any CPU.ActiveCfg = Debug|Any CPU
		{50716269-1568-48B0-B49A-348300B64206}.Debug|Any CPU.Build.0 = Debug|Any CPU
		{50716269-1568-48B0-B49A-348300B64206}.Release|Any CPU.ActiveCfg = Release|Any CPU
		{50716269-1568-48B0-B49A-348300B64206}.Release|Any CPU.Build.0 = Release|Any CPU
	EndGlobalSection
	GlobalSection(SolutionProperties) = preSolution
		HideSolutionNode = FALSE
	EndGlobalSection
	GlobalSection(ExtensibilityGlobals) = postSolution
		SolutionGuid = {3A46EB12-CD0B-43C9-865C-F50575207D59}
	EndGlobalSection
EndGlobal
